{
  "name": "htmx-kotlinx-html-boot-assets-sandbox",
  "version": "1.0.0",
  "lockfileVersion": 3,
  "requires": true,
  "packages": {
    "": {
      "name": "htmx-kotlinx-html-boot-assets-sandbox",
      "version": "1.0.0",
      "license": "ISC",
      "dependencies": {
        "htmx.org": "^1.9.6",
        "simpledotcss": "^2.2.1"
      }
    },
    "node_modules/htmx.org": {
      "version": "1.9.6",
      "resolved": "https://registry.npmjs.org/htmx.org/-/htmx.org-1.9.6.tgz",
      "integrity": "sha512-4Zebo9nzg8u2ZHuIJmvB/nQS6kIMLIoEfhTg/oRwyCIJhL5MLA/jPU1EPEBtGOmG4ZG0k05Vpd3sab2+zfvteQ=="
    },
    "node_modules/simpledotcss": {
      "version": "2.2.1",
      "resolved": "https://registry.npmjs.org/simpledotcss/-/simpledotcss-2.2.1.tgz",
      "integrity": "sha512-bEuU6rLmL8Lu6gBcn6HlslEEoHk4v8ldW3K4DOCT33e4L0Y3ExMT9DuITQ7KhRBKlKFDJ3DgAwxoGrN+0B9Jiw=="
    }
  }
}
